// !$*UTF8*$!
{
	archiveVersion = 1;
	classes = {
	};
	objectVersion = 56;
	objects = {

/* Begin PBXBuildFile section */
		636EB5372FC357C600304344 /* CartItem.swift in Sources */ = {isa = PBXBuildFile; fileRef = 636EB4F92FC357C500304344 /* CartItem.swift */; };
		636EB5382FC357C600304344 /* Category.swift in Sources */ = {isa = PBXBuildFile; fileRef = 636EB4FA2FC357C500304344 /* Category.swift */; };
		636EB5392FC357C600304344 /* DeliveryAddress.swift in Sources */ = {isa = PBXBuildFile; fileRef = 636EB4FB2FC357C500304344 /* DeliveryAddress.swift */; };
		636EB53A2FC357C600304344 /* Order.swift in Sources */ = {isa = PBXBuildFile; fileRef = 636EB4FC2FC357C500304344 /* Order.swift */; };
		636EB53B2FC357C600304344 /* OrderItem.swift in Sources */ = {isa = PBXBuildFile; fileRef = 636EB4FD2FC357C500304344 /* OrderItem.swift */; };
		636EB53C2FC357C600304344 /* Payment.swift in Sources */ = {isa = PBXBuildFile; fileRef = 636EB4FE2FC357C500304344 /* Payment.swift */; };
		636EB53D2FC357C600304344 /* PickupPoint.swift in Sources */ = {isa = PBXBuildFile; fileRef = 636EB4FF2FC357C500304344 /* PickupPoint.swift */; };
		636EB53E2FC357C600304344 /* Product.swift in Sources */ = {isa = PBXBuildFile; fileRef = 636EB5002FC357C500304344 /* Product.swift */; };
		636EB53F2FC357C600304344 /* User.swift in Sources */ = {isa = PBXBuildFile; fileRef = 636EB5012FC357C500304344 /* User.swift */; };
		636EB5402FC357C600304344 /* Preview Assets.xcassets in Resources */ = {isa = PBXBuildFile; fileRef = 636EB5032FC357C500304344 /* Preview Assets.xcassets */; };
		636EB5412FC357C600304344 /* AuthValidator.swift in Sources */ = {isa = PBXBuildFile; fileRef = 636EB5052FC357C500304344 /* AuthValidator.swift */; };
		636EB5422FC357C600304344 /* CartRepository.swift in Sources */ = {isa = PBXBuildFile; fileRef = 636EB5062FC357C500304344 /* CartRepository.swift */; };
		636EB5432FC357C600304344 /* DatabaseService.swift in Sources */ = {isa = PBXBuildFile; fileRef = 636EB5072FC357C500304344 /* DatabaseService.swift */; };
		636EB5442FC357C600304344 /* DeliveryAddressRepository.swift in Sources */ = {isa = PBXBuildFile; fileRef = 636EB5082FC357C500304344 /* DeliveryAddressRepository.swift */; };
		636EB5452FC357C600304344 /* OrderRepository.swift in Sources */ = {isa = PBXBuildFile; fileRef = 636EB5092FC357C500304344 /* OrderRepository.swift */; };
		636EB5462FC357C600304344 /* PaymentRepository.swift in Sources */ = {isa = PBXBuildFile; fileRef = 636EB50A2FC357C500304344 /* PaymentRepository.swift */; };
		636EB5472FC357C600304344 /* PickupPointRepository.swift in Sources */ = {isa = PBXBuildFile; fileRef = 636EB50B2FC357C500304344 /* PickupPointRepository.swift */; };
		636EB5482FC357C600304344 /* SessionService.swift in Sources */ = {isa = PBXBuildFile; fileRef = 636EB50C2FC357C500304344 /* SessionService.swift */; };
		636EB5492FC357C600304344 /* AuthViewModel.swift in Sources */ = {isa = PBXBuildFile; fileRef = 636EB50E2FC357C500304344 /* AuthViewModel.swift */; };
		636EB54A2FC357C600304344 /* CartViewModel.swift in Sources */ = {isa = PBXBuildFile; fileRef = 636EB50F2FC357C500304344 /* CartViewModel.swift */; };
		636EB54B2FC357C600304344 /* CatalogViewModel.swift in Sources */ = {isa = PBXBuildFile; fileRef = 636EB5102FC357C500304344 /* CatalogViewModel.swift */; };
		636EB54C2FC357C600304344 /* CheckoutViewModel.swift in Sources */ = {isa = PBXBuildFile; fileRef = 636EB5112FC357C500304344 /* CheckoutViewModel.swift */; };
		636EB54D2FC357C600304344 /* PickupMapViewModel.swift in Sources */ = {isa = PBXBuildFile; fileRef = 636EB5122FC357C500304344 /* PickupMapViewModel.swift */; };
		636EB54E2FC357C600304344 /* LoginView.swift in Sources */ = {isa = PBXBuildFile; fileRef = 636EB5142FC357C500304344 /* LoginView.swift */; };
		636EB54F2FC357C600304344 /* RegisterView.swift in Sources */ = {isa = PBXBuildFile; fileRef = 636EB5152FC357C500304344 /* RegisterView.swift */; };
		636EB5502FC357C600304344 /* WelcomeView.swift in Sources */ = {isa = PBXBuildFile; fileRef = 636EB5162FC357C500304344 /* WelcomeView.swift */; };
		636EB5512FC357C600304344 /* CartItemRow.swift in Sources */ = {isa = PBXBuildFile; fileRef = 636EB5182FC357C500304344 /* CartItemRow.swift */; };
		636EB5522FC357C600304344 /* CartView.swift in Sources */ = {isa = PBXBuildFile; fileRef = 636EB5192FC357C500304344 /* CartView.swift */; };
		636EB5532FC357C600304344 /* OrderConformationView.swift in Sources */ = {isa = PBXBuildFile; fileRef = 636EB51A2FC357C500304344 /* OrderConformationView.swift */; };
		636EB5542FC357C600304344 /* OrdersListView.swift in Sources */ = {isa = PBXBuildFile; fileRef = 636EB51B2FC357C500304344 /* OrdersListView.swift */; };
		636EB5552FC357C600304344 /* CheckoutView.swift in Sources */ = {isa = PBXBuildFile; fileRef = 636EB51D2FC357C500304344 /* CheckoutView.swift */; };
		636EB5562FC357C600304344 /* DeliveryAddressSheet.swift in Sources */ = {isa = PBXBuildFile; fileRef = 636EB51E2FC357C500304344 /* DeliveryAddressSheet.swift */; };
		636EB5572FC357C600304344 /* PaymentConfirmationView.swift in Sources */ = {isa = PBXBuildFile; fileRef = 636EB51F2FC357C500304344 /* PaymentConfirmationView.swift */; };
		636EB5582FC357C600304344 /* PaymentMethodSheet.swift in Sources */ = {isa = PBXBuildFile; fileRef = 636EB5202FC357C500304344 /* PaymentMethodSheet.swift */; };
		636EB5592FC357C600304344 /* CategoryChip.swift in Sources */ = {isa = PBXBuildFile; fileRef = 636EB5222FC357C500304344 /* CategoryChip.swift */; };
		636EB55A2FC357C600304344 /* InputField.swift in Sources */ = {isa = PBXBuildFile; fileRef = 636EB5232FC357C500304344 /* InputField.swift */; };
		636EB55B2FC357C600304344 /* PrimaryButton.swift in Sources */ = {isa = PBXBuildFile; fileRef = 636EB5242FC357C500304344 /* PrimaryButton.swift */; };
		636EB55C2FC357C600304344 /* ProductCard.swift in Sources */ = {isa = PBXBuildFile; fileRef = 636EB5252FC357C500304344 /* ProductCard.swift */; };
		636EB55D2FC357C600304344 /* SearchBar.swift in Sources */ = {isa = PBXBuildFile; fileRef = 636EB5262FC357C500304344 /* SearchBar.swift */; };
		636EB55E2FC357C600304344 /* CatalogView.swift in Sources */ = {isa = PBXBuildFile; fileRef = 636EB5282FC357C500304344 /* CatalogView.swift */; };
		636EB55F2FC357C600304344 /* MainTabView.swift in Sources */ = {isa = PBXBuildFile; fileRef = 636EB5292FC357C500304344 /* MainTabView.swift */; };
		636EB5602FC357C600304344 /* ProductDetailView.swift in Sources */ = {isa = PBXBuildFile; fileRef = 636EB52A2FC357C500304344 /* ProductDetailView.swift */; };
		636EB5612FC357C600304344 /* ProfileView.swift in Sources */ = {isa = PBXBuildFile; fileRef = 636EB52B2FC357C500304344 /* ProfileView.swift */; };
		636EB5622FC357C600304344 /* PickupMapView.swift in Sources */ = {isa = PBXBuildFile; fileRef = 636EB52D2FC357C500304344 /* PickupMapView.swift */; };
		636EB5632FC357C600304344 /* PickupPointCard.swift in Sources */ = {isa = PBXBuildFile; fileRef = 636EB52E2FC357C500304344 /* PickupPointCard.swift */; };
		636EB5642FC357C600304344 /* PickupPointDetailSheet.swift in Sources */ = {isa = PBXBuildFile; fileRef = 636EB52F2FC357C500304344 /* PickupPointDetailSheet.swift */; };
		636EB5652FC357C600304344 /* Assets.xcassets in Resources */ = {isa = PBXBuildFile; fileRef = 636EB5322FC357C500304344 /* Assets.xcassets */; };
		636EB5662FC357C600304344 /* BookShopAppApp.swift in Sources */ = {isa = PBXBuildFile; fileRef = 636EB5332FC357C500304344 /* BookShopAppApp.swift */; };
		636EB5672FC357C600304344 /* ContentView.swift in Sources */ = {isa = PBXBuildFile; fileRef = 636EB5342FC357C500304344 /* ContentView.swift */; };
		636EB5682FC357C600304344 /* Property List.plist in Resources */ = {isa = PBXBuildFile; fileRef = 636EB5352FC357C500304344 /* Property List.plist */; };
		636EB5772FC35EA600304344 /* AuthenticationTests.swift in Sources */ = {isa = PBXBuildFile; fileRef = 636EB5762FC35EA600304344 /* AuthenticationTests.swift */; };
		636EB57F2FC35EDE00304344 /* BookShopAppUITests.swift in Sources */ = {isa = PBXBuildFile; fileRef = 636EB57E2FC35EDE00304344 /* BookShopAppUITests.swift */; };
		636EB5812FC35EDE00304344 /* BookShopAppUITestsLaunchTests.swift in Sources */ = {isa = PBXBuildFile; fileRef = 636EB5802FC35EDE00304344 /* BookShopAppUITestsLaunchTests.swift */; };
		636EB5882FC35EF900304344 /* AuthenticationUITests.swift in Sources */ = {isa = PBXBuildFile; fileRef = 636EB5872FC35EF900304344 /* AuthenticationUITests.swift */; };
/* End PBXBuildFile section */

/* Begin PBXContainerItemProxy section */
		636EB5712FC35E4600304344 /* PBXContainerItemProxy */ = {
			isa = PBXContainerItemProxy;
			containerPortal = A860D4DA2FBDBD51006E79B3 /* Project object */;
			proxyType = 1;
			remoteGlobalIDString = A860D4E12FBDBD51006E79B3;
			remoteInfo = BookShopApp;
		};
		636EB5822FC35EDE00304344 /* PBXContainerItemProxy */ = {
			isa = PBXContainerItemProxy;
			containerPortal = A860D4DA2FBDBD51006E79B3 /* Project object */;
			proxyType = 1;
			remoteGlobalIDString = A860D4E12FBDBD51006E79B3;
			remoteInfo = BookShopApp;
		};
/* End PBXContainerItemProxy section */

/* Begin PBXFileReference section */
		636EB4F92FC357C500304344 /* CartItem.swift */ = {isa = PBXFileReference; fileEncoding = 4; lastKnownFileType = sourcecode.swift; path = CartItem.swift; sourceTree = "<group>"; };
		636EB4FA2FC357C500304344 /* Category.swift */ = {isa = PBXFileReference; fileEncoding = 4; lastKnownFileType = sourcecode.swift; path = Category.swift; sourceTree = "<group>"; };
		636EB4FB2FC357C500304344 /* DeliveryAddress.swift */ = {isa = PBXFileReference; fileEncoding = 4; lastKnownFileType = sourcecode.swift; path = DeliveryAddress.swift; sourceTree = "<group>"; };
		636EB4FC2FC357C500304344 /* Order.swift */ = {isa = PBXFileReference; fileEncoding = 4; lastKnownFileType = sourcecode.swift; path = Order.swift; sourceTree = "<group>"; };
		636EB4FD2FC357C500304344 /* OrderItem.swift */ = {isa = PBXFileReference; fileEncoding = 4; lastKnownFileType = sourcecode.swift; path = OrderItem.swift; sourceTree = "<group>"; };
		636EB4FE2FC357C500304344 /* Payment.swift */ = {isa = PBXFileReference; fileEncoding = 4; lastKnownFileType = sourcecode.swift; path = Payment.swift; sourceTree = "<group>"; };
		636EB4FF2FC357C500304344 /* PickupPoint.swift */ = {isa = PBXFileReference; fileEncoding = 4; lastKnownFileType = sourcecode.swift; path = PickupPoint.swift; sourceTree = "<group>"; };
		636EB5002FC357C500304344 /* Product.swift */ = {isa = PBXFileReference; fileEncoding = 4; lastKnownFileType = sourcecode.swift; path = Product.swift; sourceTree = "<group>"; };
		636EB5012FC357C500304344 /* User.swift */ = {isa = PBXFileReference; fileEncoding = 4; lastKnownFileType = sourcecode.swift; path = User.swift; sourceTree = "<group>"; };
		636EB5032FC357C500304344 /* Preview Assets.xcassets */ = {isa = PBXFileReference; lastKnownFileType = folder.assetcatalog; path = "Preview Assets.xcassets"; sourceTree = "<group>"; };
		636EB5052FC357C500304344 /* AuthValidator.swift */ = {isa = PBXFileReference; fileEncoding = 4; lastKnownFileType = sourcecode.swift; path = AuthValidator.swift; sourceTree = "<group>"; };
		636EB5062FC357C500304344 /* CartRepository.swift */ = {isa = PBXFileReference; fileEncoding = 4; lastKnownFileType = sourcecode.swift; path = CartRepository.swift; sourceTree = "<group>"; };
		636EB5072FC357C500304344 /* DatabaseService.swift */ = {isa = PBXFileReference; fileEncoding = 4; lastKnownFileType = sourcecode.swift; path = DatabaseService.swift; sourceTree = "<group>"; };
		636EB5082FC357C500304344 /* DeliveryAddressRepository.swift */ = {isa = PBXFileReference; fileEncoding = 4; lastKnownFileType = sourcecode.swift; path = DeliveryAddressRepository.swift; sourceTree = "<group>"; };
		636EB5092FC357C500304344 /* OrderRepository.swift */ = {isa = PBXFileReference; fileEncoding = 4; lastKnownFileType = sourcecode.swift; path = OrderRepository.swift; sourceTree = "<group>"; };
		636EB50A2FC357C500304344 /* PaymentRepository.swift */ = {isa = PBXFileReference; fileEncoding = 4; lastKnownFileType = sourcecode.swift; path = PaymentRepository.swift; sourceTree = "<group>"; };
		636EB50B2FC357C500304344 /* PickupPointRepository.swift */ = {isa = PBXFileReference; fileEncoding = 4; lastKnownFileType = sourcecode.swift; path = PickupPointRepository.swift; sourceTree = "<group>"; };
		636EB50C2FC357C500304344 /* SessionService.swift */ = {isa = PBXFileReference; fileEncoding = 4; lastKnownFileType = sourcecode.swift; path = SessionService.swift; sourceTree = "<group>"; };
		636EB50E2FC357C500304344 /* AuthViewModel.swift */ = {isa = PBXFileReference; fileEncoding = 4; lastKnownFileType = sourcecode.swift; path = AuthViewModel.swift; sourceTree = "<group>"; };
		636EB50F2FC357C500304344 /* CartViewModel.swift */ = {isa = PBXFileReference; fileEncoding = 4; lastKnownFileType = sourcecode.swift; path = CartViewModel.swift; sourceTree = "<group>"; };
		636EB5102FC357C500304344 /* CatalogViewModel.swift */ = {isa = PBXFileReference; fileEncoding = 4; lastKnownFileType = sourcecode.swift; path = CatalogViewModel.swift; sourceTree = "<group>"; };
		636EB5112FC357C500304344 /* CheckoutViewModel.swift */ = {isa = PBXFileReference; fileEncoding = 4; lastKnownFileType = sourcecode.swift; path = CheckoutViewModel.swift; sourceTree = "<group>"; };
		636EB5122FC357C500304344 /* PickupMapViewModel.swift */ = {isa = PBXFileReference; fileEncoding = 4; lastKnownFileType = sourcecode.swift; path = PickupMapViewModel.swift; sourceTree = "<group>"; };
		636EB5142FC357C500304344 /* LoginView.swift */ = {isa = PBXFileReference; fileEncoding = 4; lastKnownFileType = sourcecode.swift; path = LoginView.swift; sourceTree = "<group>"; };
		636EB5152FC357C500304344 /* RegisterView.swift */ = {isa = PBXFileReference; fileEncoding = 4; lastKnownFileType = sourcecode.swift; path = RegisterView.swift; sourceTree = "<group>"; };
		636EB5162FC357C500304344 /* WelcomeView.swift */ = {isa = PBXFileReference; fileEncoding = 4; lastKnownFileType = sourcecode.swift; path = WelcomeView.swift; sourceTree = "<group>"; };
		636EB5182FC357C500304344 /* CartItemRow.swift */ = {isa = PBXFileReference; fileEncoding = 4; lastKnownFileType = sourcecode.swift; path = CartItemRow.swift; sourceTree = "<group>"; };
		636EB5192FC357C500304344 /* CartView.swift */ = {isa = PBXFileReference; fileEncoding = 4; lastKnownFileType = sourcecode.swift; path = CartView.swift; sourceTree = "<group>"; };
		636EB51A2FC357C500304344 /* OrderConformationView.swift */ = {isa = PBXFileReference; fileEncoding = 4; lastKnownFileType = sourcecode.swift; path = OrderConformationView.swift; sourceTree = "<group>"; };
		636EB51B2FC357C500304344 /* OrdersListView.swift */ = {isa = PBXFileReference; fileEncoding = 4; lastKnownFileType = sourcecode.swift; path = OrdersListView.swift; sourceTree = "<group>"; };
		636EB51D2FC357C500304344 /* CheckoutView.swift */ = {isa = PBXFileReference; fileEncoding = 4; lastKnownFileType = sourcecode.swift; path = CheckoutView.swift; sourceTree = "<group>"; };
		636EB51E2FC357C500304344 /* DeliveryAddressSheet.swift */ = {isa = PBXFileReference; fileEncoding = 4; lastKnownFileType = sourcecode.swift; path = DeliveryAddressSheet.swift; sourceTree = "<group>"; };
		636EB51F2FC357C500304344 /* PaymentConfirmationView.swift */ = {isa = PBXFileReference; fileEncoding = 4; lastKnownFileType = sourcecode.swift; path = PaymentConfirmationView.swift; sourceTree = "<group>"; };
		636EB5202FC357C500304344 /* PaymentMethodSheet.swift */ = {isa = PBXFileReference; fileEncoding = 4; lastKnownFileType = sourcecode.swift; path = PaymentMethodSheet.swift; sourceTree = "<group>"; };
		636EB5222FC357C500304344 /* CategoryChip.swift */ = {isa = PBXFileReference; fileEncoding = 4; lastKnownFileType = sourcecode.swift; path = CategoryChip.swift; sourceTree = "<group>"; };
		636EB5232FC357C500304344 /* InputField.swift */ = {isa = PBXFileReference; fileEncoding = 4; lastKnownFileType = sourcecode.swift; path = InputField.swift; sourceTree = "<group>"; };
		636EB5242FC357C500304344 /* PrimaryButton.swift */ = {isa = PBXFileReference; fileEncoding = 4; lastKnownFileType = sourcecode.swift; path = PrimaryButton.swift; sourceTree = "<group>"; };
		636EB5252FC357C500304344 /* ProductCard.swift */ = {isa = PBXFileReference; fileEncoding = 4; lastKnownFileType = sourcecode.swift; path = ProductCard.swift; sourceTree = "<group>"; };
		636EB5262FC357C500304344 /* SearchBar.swift */ = {isa = PBXFileReference; fileEncoding = 4; lastKnownFileType = sourcecode.swift; path = SearchBar.swift; sourceTree = "<group>"; };
		636EB5282FC357C500304344 /* CatalogView.swift */ = {isa = PBXFileReference; fileEncoding = 4; lastKnownFileType = sourcecode.swift; path = CatalogView.swift; sourceTree = "<group>"; };
		636EB5292FC357C500304344 /* MainTabView.swift */ = {isa = PBXFileReference; fileEncoding = 4; lastKnownFileType = sourcecode.swift; path = MainTabView.swift; sourceTree = "<group>"; };
		636EB52A2FC357C500304344 /* ProductDetailView.swift */ = {isa = PBXFileReference; fileEncoding = 4; lastKnownFileType = sourcecode.swift; path = ProductDetailView.swift; sourceTree = "<group>"; };
		636EB52B2FC357C500304344 /* ProfileView.swift */ = {isa = PBXFileReference; fileEncoding = 4; lastKnownFileType = sourcecode.swift; path = ProfileView.swift; sourceTree = "<group>"; };
		636EB52D2FC357C500304344 /* PickupMapView.swift */ = {isa = PBXFileReference; fileEncoding = 4; lastKnownFileType = sourcecode.swift; path = PickupMapView.swift; sourceTree = "<group>"; };
		636EB52E2FC357C500304344 /* PickupPointCard.swift */ = {isa = PBXFileReference; fileEncoding = 4; lastKnownFileType = sourcecode.swift; path = PickupPointCard.swift; sourceTree = "<group>"; };
		636EB52F2FC357C500304344 /* PickupPointDetailSheet.swift */ = {isa = PBXFileReference; fileEncoding = 4; lastKnownFileType = sourcecode.swift; path = PickupPointDetailSheet.swift; sourceTree = "<group>"; };
		636EB5322FC357C500304344 /* Assets.xcassets */ = {isa = PBXFileReference; lastKnownFileType = folder.assetcatalog; path = Assets.xcassets; sourceTree = "<group>"; };
		636EB5332FC357C500304344 /* BookShopAppApp.swift */ = {isa = PBXFileReference; fileEncoding = 4; lastKnownFileType = sourcecode.swift; path = BookShopAppApp.swift; sourceTree = "<group>"; };
		636EB5342FC357C500304344 /* ContentView.swift */ = {isa = PBXFileReference; fileEncoding = 4; lastKnownFileType = sourcecode.swift; path = ContentView.swift; sourceTree = "<group>"; };
		636EB5352FC357C500304344 /* Property List.plist */ = {isa = PBXFileReference; fileEncoding = 4; lastKnownFileType = text.plist.xml; path = "Property List.plist"; sourceTree = "<group>"; };
		636EB56D2FC35E4600304344 /* BookShopAppTests.xctest */ = {isa = PBXFileReference; explicitFileType = wrapper.cfbundle; includeInIndex = 0; path = BookShopAppTests.xctest; sourceTree = BUILT_PRODUCTS_DIR; };
		636EB5762FC35EA600304344 /* AuthenticationTests.swift */ = {isa = PBXFileReference; fileEncoding = 4; lastKnownFileType = sourcecode.swift; path = AuthenticationTests.swift; sourceTree = "<group>"; };
		636EB57C2FC35EDE00304344 /* BookShopAppUITests.xctest */ = {isa = PBXFileReference; explicitFileType = wrapper.cfbundle; includeInIndex = 0; path = BookShopAppUITests.xctest; sourceTree = BUILT_PRODUCTS_DIR; };
		636EB57E2FC35EDE00304344 /* BookShopAppUITests.swift */ = {isa = PBXFileReference; lastKnownFileType = sourcecode.swift; path = BookShopAppUITests.swift; sourceTree = "<group>"; };
		636EB5802FC35EDE00304344 /* BookShopAppUITestsLaunchTests.swift */ = {isa = PBXFileReference; lastKnownFileType = sourcecode.swift; path = BookShopAppUITestsLaunchTests.swift; sourceTree = "<group>"; };
		636EB5872FC35EF900304344 /* AuthenticationUITests.swift */ = {isa = PBXFileReference; fileEncoding = 4; lastKnownFileType = sourcecode.swift; path = AuthenticationUITests.swift; sourceTree = "<group>"; };
		A860D4E22FBDBD51006E79B3 /* BookShopApp.app */ = {isa = PBXFileReference; explicitFileType = wrapper.application; includeInIndex = 0; path = BookShopApp.app; sourceTree = BUILT_PRODUCTS_DIR; };
/* End PBXFileReference section */

/* Begin PBXFrameworksBuildPhase section */
		636EB56A2FC35E4600304344 /* Frameworks */ = {
			isa = PBXFrameworksBuildPhase;
			buildActionMask = 2147483647;
			files = (
			);
			runOnlyForDeploymentPostprocessing = 0;
		};
		636EB5792FC35EDD00304344 /* Frameworks */ = {
			isa = PBXFrameworksBuildPhase;
			buildActionMask = 2147483647;
			files = (
			);
			runOnlyForDeploymentPostprocessing = 0;
		};
		A860D4DF2FBDBD51006E79B3 /* Frameworks */ = {
			isa = PBXFrameworksBuildPhase;
			buildActionMask = 2147483647;
			files = (
			);
			runOnlyForDeploymentPostprocessing = 0;
		};
/* End PBXFrameworksBuildPhase section */

/* Begin PBXGroup section */
		636EB5022FC357C500304344 /* Models */ = {
			isa = PBXGroup;
			children = (
				636EB4F92FC357C500304344 /* CartItem.swift */,
				636EB4FA2FC357C500304344 /* Category.swift */,
				636EB4FB2FC357C500304344 /* DeliveryAddress.swift */,
				636EB4FC2FC357C500304344 /* Order.swift */,
				636EB4FD2FC357C500304344 /* OrderItem.swift */,
				636EB4FE2FC357C500304344 /* Payment.swift */,
				636EB4FF2FC357C500304344 /* PickupPoint.swift */,
				636EB5002FC357C500304344 /* Product.swift */,
				636EB5012FC357C500304344 /* User.swift */,
			);
			path = Models;
			sourceTree = "<group>";
		};
		636EB5042FC357C500304344 /* Preview Content */ = {
			isa = PBXGroup;
			children = (
				636EB5032FC357C500304344 /* Preview Assets.xcassets */,
			);
			path = "Preview Content";
			sourceTree = "<group>";
		};
		636EB50D2FC357C500304344 /* Services */ = {
			isa = PBXGroup;
			children = (
				636EB5052FC357C500304344 /* AuthValidator.swift */,
				636EB5062FC357C500304344 /* CartRepository.swift */,
				636EB5072FC357C500304344 /* DatabaseService.swift */,
				636EB5082FC357C500304344 /* DeliveryAddressRepository.swift */,
				636EB5092FC357C500304344 /* OrderRepository.swift */,
				636EB50A2FC357C500304344 /* PaymentRepository.swift */,
				636EB50B2FC357C500304344 /* PickupPointRepository.swift */,
				636EB50C2FC357C500304344 /* SessionService.swift */,
			);
			path = Services;
			sourceTree = "<group>";
		};
		636EB5132FC357C500304344 /* ViewModels */ = {
			isa = PBXGroup;
			children = (
				636EB50E2FC357C500304344 /* AuthViewModel.swift */,
				636EB50F2FC357C500304344 /* CartViewModel.swift */,
				636EB5102FC357C500304344 /* CatalogViewModel.swift */,
				636EB5112FC357C500304344 /* CheckoutViewModel.swift */,
				636EB5122FC357C500304344 /* PickupMapViewModel.swift */,
			);
			path = ViewModels;
			sourceTree = "<group>";
		};
		636EB5172FC357C500304344 /* Auth */ = {
			isa = PBXGroup;
			children = (
				636EB5142FC357C500304344 /* LoginView.swift */,
				636EB5152FC357C500304344 /* RegisterView.swift */,
				636EB5162FC357C500304344 /* WelcomeView.swift */,
			);
			path = Auth;
			sourceTree = "<group>";
		};
		636EB51C2FC357C500304344 /* Cart */ = {
			isa = PBXGroup;
			children = (
				636EB5182FC357C500304344 /* CartItemRow.swift */,
				636EB5192FC357C500304344 /* CartView.swift */,
				636EB51A2FC357C500304344 /* OrderConformationView.swift */,
				636EB51B2FC357C500304344 /* OrdersListView.swift */,
			);
			path = Cart;
			sourceTree = "<group>";
		};
		636EB5212FC357C500304344 /* Checkout */ = {
			isa = PBXGroup;
			children = (
				636EB51D2FC357C500304344 /* CheckoutView.swift */,
				636EB51E2FC357C500304344 /* DeliveryAddressSheet.swift */,
				636EB51F2FC357C500304344 /* PaymentConfirmationView.swift */,
				636EB5202FC357C500304344 /* PaymentMethodSheet.swift */,
			);
			path = Checkout;
			sourceTree = "<group>";
		};
		636EB5272FC357C500304344 /* Components */ = {
			isa = PBXGroup;
			children = (
				636EB5222FC357C500304344 /* CategoryChip.swift */,
				636EB5232FC357C500304344 /* InputField.swift */,
				636EB5242FC357C500304344 /* PrimaryButton.swift */,
				636EB5252FC357C500304344 /* ProductCard.swift */,
				636EB5262FC357C500304344 /* SearchBar.swift */,
			);
			path = Components;
			sourceTree = "<group>";
		};
		636EB52C2FC357C500304344 /* Main */ = {
			isa = PBXGroup;
			children = (
				636EB5282FC357C500304344 /* CatalogView.swift */,
				636EB5292FC357C500304344 /* MainTabView.swift */,
				636EB52A2FC357C500304344 /* ProductDetailView.swift */,
				636EB52B2FC357C500304344 /* ProfileView.swift */,
			);
			path = Main;
			sourceTree = "<group>";
		};
		636EB5302FC357C500304344 /* Pickup */ = {
			isa = PBXGroup;
			children = (
				636EB52D2FC357C500304344 /* PickupMapView.swift */,
				636EB52E2FC357C500304344 /* PickupPointCard.swift */,
				636EB52F2FC357C500304344 /* PickupPointDetailSheet.swift */,
			);
			path = Pickup;
			sourceTree = "<group>";
		};
		636EB5312FC357C500304344 /* Views */ = {
			isa = PBXGroup;
			children = (
				636EB5172FC357C500304344 /* Auth */,
				636EB51C2FC357C500304344 /* Cart */,
				636EB5212FC357C500304344 /* Checkout */,
				636EB5272FC357C500304344 /* Components */,
				636EB52C2FC357C500304344 /* Main */,
				636EB5302FC357C500304344 /* Pickup */,
			);
			path = Views;
			sourceTree = "<group>";
		};
		636EB5362FC357C500304344 /* BookShopApp */ = {
			isa = PBXGroup;
			children = (
				636EB5022FC357C500304344 /* Models */,
				636EB5042FC357C500304344 /* Preview Content */,
				636EB50D2FC357C500304344 /* Services */,
				636EB5132FC357C500304344 /* ViewModels */,
				636EB5312FC357C500304344 /* Views */,
				636EB5322FC357C500304344 /* Assets.xcassets */,
				636EB5332FC357C500304344 /* BookShopAppApp.swift */,
				636EB5342FC357C500304344 /* ContentView.swift */,
				636EB5352FC357C500304344 /* Property List.plist */,
			);
			path = BookShopApp;
			sourceTree = "<group>";
		};
		636EB56E2FC35E4600304344 /* BookShopAppTests */ = {
			isa = PBXGroup;
			children = (
				636EB5762FC35EA600304344 /* AuthenticationTests.swift */,
			);
			path = BookShopAppTests;
			sourceTree = "<group>";
		};
		636EB57D2FC35EDE00304344 /* BookShopAppUITests */ = {
			isa = PBXGroup;
			children = (
				636EB5872FC35EF900304344 /* AuthenticationUITests.swift */,
				636EB57E2FC35EDE00304344 /* BookShopAppUITests.swift */,
				636EB5802FC35EDE00304344 /* BookShopAppUITestsLaunchTests.swift */,
			);
			path = BookShopAppUITests;
			sourceTree = "<group>";
		};
		A860D4D92FBDBD51006E79B3 = {
			isa = PBXGroup;
			children = (
				636EB5362FC357C500304344 /* BookShopApp */,
				636EB56E2FC35E4600304344 /* BookShopAppTests */,
				636EB57D2FC35EDE00304344 /* BookShopAppUITests */,
				A860D4E32FBDBD51006E79B3 /* Products */,
			);
			sourceTree = "<group>";
		};
		A860D4E32FBDBD51006E79B3 /* Products */ = {
			isa = PBXGroup;
			children = (
				A860D4E22FBDBD51006E79B3 /* BookShopApp.app */,
				636EB56D2FC35E4600304344 /* BookShopAppTests.xctest */,
				636EB57C2FC35EDE00304344 /* BookShopAppUITests.xctest */,
			);
			name = Products;
			sourceTree = "<group>";
		};
/* End PBXGroup section */

/* Begin PBXNativeTarget section */
		636EB56C2FC35E4600304344 /* BookShopAppTests */ = {
			isa = PBXNativeTarget;
			buildConfigurationList = 636EB5752FC35E4600304344 /* Build configuration list for PBXNativeTarget "BookShopAppTests" */;
			buildPhases = (
				636EB5692FC35E4600304344 /* Sources */,
				636EB56A2FC35E4600304344 /* Frameworks */,
				636EB56B2FC35E4600304344 /* Resources */,
			);
			buildRules = (
			);
			dependencies = (
				636EB5722FC35E4600304344 /* PBXTargetDependency */,
			);
			name = BookShopAppTests;
			productName = BookShopAppTests;
			productReference = 636EB56D2FC35E4600304344 /* BookShopAppTests.xctest */;
			productType = "com.apple.product-type.bundle.unit-test";
		};
		636EB57B2FC35EDD00304344 /* BookShopAppUITests */ = {
			isa = PBXNativeTarget;
			buildConfigurationList = 636EB5842FC35EDE00304344 /* Build configuration list for PBXNativeTarget "BookShopAppUITests" */;
			buildPhases = (
				636EB5782FC35EDD00304344 /* Sources */,
				636EB5792FC35EDD00304344 /* Frameworks */,
				636EB57A2FC35EDD00304344 /* Resources */,
			);
			buildRules = (
			);
			dependencies = (
				636EB5832FC35EDE00304344 /* PBXTargetDependency */,
			);
			name = BookShopAppUITests;
			productName = BookShopAppUITests;
			productReference = 636EB57C2FC35EDE00304344 /* BookShopAppUITests.xctest */;
			productType = "com.apple.product-type.bundle.ui-testing";
		};
		A860D4E12FBDBD51006E79B3 /* BookShopApp */ = {
			isa = PBXNativeTarget;
			buildConfigurationList = A860D4F02FBDBD59006E79B3 /* Build configuration list for PBXNativeTarget "BookShopApp" */;
			buildPhases = (
				A860D4DE2FBDBD51006E79B3 /* Sources */,
				A860D4DF2FBDBD51006E79B3 /* Frameworks */,
				A860D4E02FBDBD51006E79B3 /* Resources */,
			);
			buildRules = (
			);
			dependencies = (
			);
			name = BookShopApp;
			productName = BookShopApp;
			productReference = A860D4E22FBDBD51006E79B3 /* BookShopApp.app */;
			productType = "com.apple.product-type.application";
		};
/* End PBXNativeTarget section */

/* Begin PBXProject section */
		A860D4DA2FBDBD51006E79B3 /* Project object */ = {
			isa = PBXProject;
			attributes = {
				BuildIndependentTargetsInParallel = 1;
				LastSwiftUpdateCheck = 1540;
				LastUpgradeCheck = 1540;
				TargetAttributes = {
					636EB56C2FC35E4600304344 = {
						CreatedOnToolsVersion = 15.4;
						LastSwiftMigration = 1540;
						TestTargetID = A860D4E12FBDBD51006E79B3;
					};
					636EB57B2FC35EDD00304344 = {
						CreatedOnToolsVersion = 15.4;
						TestTargetID = A860D4E12FBDBD51006E79B3;
					};
					A860D4E12FBDBD51006E79B3 = {
						CreatedOnToolsVersion = 15.4;
					};
				};
			};
			buildConfigurationList = A860D4DD2FBDBD51006E79B3 /* Build configuration list for PBXProject "BookShopApp" */;
			compatibilityVersion = "Xcode 14.0";
			developmentRegion = en;
			hasScannedForEncodings = 0;
			knownRegions = (
				en,
				Base,
			);
			mainGroup = A860D4D92FBDBD51006E79B3;
			productRefGroup = A860D4E32FBDBD51006E79B3 /* Products */;
			projectDirPath = "";
			projectRoot = "";
			targets = (
				A860D4E12FBDBD51006E79B3 /* BookShopApp */,
				636EB56C2FC35E4600304344 /* BookShopAppTests */,
				636EB57B2FC35EDD00304344 /* BookShopAppUITests */,
			);
		};
/* End PBXProject section */

/* Begin PBXResourcesBuildPhase section */
		636EB56B2FC35E4600304344 /* Resources */ = {
			isa = PBXResourcesBuildPhase;
			buildActionMask = 2147483647;
			files = (
			);
			runOnlyForDeploymentPostprocessing = 0;
		};
		636EB57A2FC35EDD00304344 /* Resources */ = {
			isa = PBXResourcesBuildPhase;
			buildActionMask = 2147483647;
			files = (
			);
			runOnlyForDeploymentPostprocessing = 0;
		};
		A860D4E02FBDBD51006E79B3 /* Resources */ = {
			isa = PBXResourcesBuildPhase;
			buildActionMask = 2147483647;
			files = (
				636EB5682FC357C600304344 /* Property List.plist in Resources */,
				636EB5652FC357C600304344 /* Assets.xcassets in Resources */,
				636EB5402FC357C600304344 /* Preview Assets.xcassets in Resources */,
			);
			runOnlyForDeploymentPostprocessing = 0;
		};
/* End PBXResourcesBuildPhase section */

/* Begin PBXSourcesBuildPhase section */
		636EB5692FC35E4600304344 /* Sources */ = {
			isa = PBXSourcesBuildPhase;
			buildActionMask = 2147483647;
			files = (
				636EB5772FC35EA600304344 /* AuthenticationTests.swift in Sources */,
			);
			runOnlyForDeploymentPostprocessing = 0;
		};
		636EB5782FC35EDD00304344 /* Sources */ = {
			isa = PBXSourcesBuildPhase;
			buildActionMask = 2147483647;
			files = (
				636EB57F2FC35EDE00304344 /* BookShopAppUITests.swift in Sources */,
				636EB5882FC35EF900304344 /* AuthenticationUITests.swift in Sources */,
				636EB5812FC35EDE00304344 /* BookShopAppUITestsLaunchTests.swift in Sources */,
			);
			runOnlyForDeploymentPostprocessing = 0;
		};
		A860D4DE2FBDBD51006E79B3 /* Sources */ = {
			isa = PBXSourcesBuildPhase;
			buildActionMask = 2147483647;
			files = (
				636EB54C2FC357C600304344 /* CheckoutViewModel.swift in Sources */,
				636EB55E2FC357C600304344 /* CatalogView.swift in Sources */,
				636EB5602FC357C600304344 /* ProductDetailView.swift in Sources */,
				636EB5412FC357C600304344 /* AuthValidator.swift in Sources */,
				636EB5552FC357C600304344 /* CheckoutView.swift in Sources */,
				636EB55A2FC357C600304344 /* InputField.swift in Sources */,
				636EB5392FC357C600304344 /* DeliveryAddress.swift in Sources */,
				636EB5562FC357C600304344 /* DeliveryAddressSheet.swift in Sources */,
				636EB54D2FC357C600304344 /* PickupMapViewModel.swift in Sources */,
				636EB54E2FC357C600304344 /* LoginView.swift in Sources */,
				636EB5662FC357C600304344 /* BookShopAppApp.swift in Sources */,
				636EB5462FC357C600304344 /* PaymentRepository.swift in Sources */,
				636EB5622FC357C600304344 /* PickupMapView.swift in Sources */,
				636EB54A2FC357C600304344 /* CartViewModel.swift in Sources */,
				636EB53E2FC357C600304344 /* Product.swift in Sources */,
				636EB55C2FC357C600304344 /* ProductCard.swift in Sources */,
				636EB5372FC357C600304344 /* CartItem.swift in Sources */,
				636EB5642FC357C600304344 /* PickupPointDetailSheet.swift in Sources */,
				636EB5632FC357C600304344 /* PickupPointCard.swift in Sources */,
				636EB5522FC357C600304344 /* CartView.swift in Sources */,
				636EB5512FC357C600304344 /* CartItemRow.swift in Sources */,
				636EB55D2FC357C600304344 /* SearchBar.swift in Sources */,
				636EB53D2FC357C600304344 /* PickupPoint.swift in Sources */,
				636EB5542FC357C600304344 /* OrdersListView.swift in Sources */,
				636EB55F2FC357C600304344 /* MainTabView.swift in Sources */,
				636EB5672FC357C600304344 /* ContentView.swift in Sources */,
				636EB53B2FC357C600304344 /* OrderItem.swift in Sources */,
				636EB54B2FC357C600304344 /* CatalogViewModel.swift in Sources */,
				636EB55B2FC357C600304344 /* PrimaryButton.swift in Sources */,
				636EB5432FC357C600304344 /* DatabaseService.swift in Sources */,
				636EB5492FC357C600304344 /* AuthViewModel.swift in Sources */,
				636EB53F2FC357C600304344 /* User.swift in Sources */,
				636EB53A2FC357C600304344 /* Order.swift in Sources */,
				636EB5422FC357C600304344 /* CartRepository.swift in Sources */,
				636EB5482FC357C600304344 /* SessionService.swift in Sources */,
				636EB5582FC357C600304344 /* PaymentMethodSheet.swift in Sources */,
				636EB5452FC357C600304344 /* OrderRepository.swift in Sources */,
				636EB5472FC357C600304344 /* PickupPointRepository.swift in Sources */,
				636EB5502FC357C600304344 /* WelcomeView.swift in Sources */,
				636EB5572FC357C600304344 /* PaymentConfirmationView.swift in Sources */,
				636EB53C2FC357C600304344 /* Payment.swift in Sources */,
				636EB5532FC357C600304344 /* OrderConformationView.swift in Sources */,
				636EB54F2FC357C600304344 /* RegisterView.swift in Sources */,
				636EB5592FC357C600304344 /* CategoryChip.swift in Sources */,
				636EB5382FC357C600304344 /* Category.swift in Sources */,
				636EB5612FC357C600304344 /* ProfileView.swift in Sources */,
				636EB5442FC357C600304344 /* DeliveryAddressRepository.swift in Sources */,
			);
			runOnlyForDeploymentPostprocessing = 0;
		};
/* End PBXSourcesBuildPhase section */

/* Begin PBXTargetDependency section */
		636EB5722FC35E4600304344 /* PBXTargetDependency */ = {
			isa = PBXTargetDependency;
			target = A860D4E12FBDBD51006E79B3 /* BookShopApp */;
			targetProxy = 636EB5712FC35E4600304344 /* PBXContainerItemProxy */;
		};
		636EB5832FC35EDE00304344 /* PBXTargetDependency */ = {
			isa = PBXTargetDependency;
			target = A860D4E12FBDBD51006E79B3 /* BookShopApp */;
			targetProxy = 636EB5822FC35EDE00304344 /* PBXContainerItemProxy */;
		};
/* End PBXTargetDependency section */

/* Begin XCBuildConfiguration section */
		636EB5732FC35E4600304344 /* Debug */ = {
			isa = XCBuildConfiguration;
			buildSettings = {
				BUNDLE_LOADER = "$(TEST_HOST)";
				CLANG_ENABLE_MODULES = YES;
				CODE_SIGN_STYLE = Automatic;
				CURRENT_PROJECT_VERSION = 1;
				GENERATE_INFOPLIST_FILE = YES;
				MARKETING_VERSION = 1.0;
				PRODUCT_BUNDLE_IDENTIFIER = dd.BookShopAppTests;
				PRODUCT_NAME = "$(TARGET_NAME)";
				SWIFT_EMIT_LOC_STRINGS = NO;
				SWIFT_OPTIMIZATION_LEVEL = "-Onone";
				SWIFT_VERSION = 5.0;
				TARGETED_DEVICE_FAMILY = "1,2";
				TEST_HOST = "$(BUILT_PRODUCTS_DIR)/BookShopApp.app/$(BUNDLE_EXECUTABLE_FOLDER_PATH)/BookShopApp";
			};
			name = Debug;
		};
		636EB5742FC35E4600304344 /* Release */ = {
			isa = XCBuildConfiguration;
			buildSettings = {
				BUNDLE_LOADER = "$(TEST_HOST)";
				CLANG_ENABLE_MODULES = YES;
				CODE_SIGN_STYLE = Automatic;
				CURRENT_PROJECT_VERSION = 1;
				GENERATE_INFOPLIST_FILE = YES;
				MARKETING_VERSION = 1.0;
				PRODUCT_BUNDLE_IDENTIFIER = dd.BookShopAppTests;
				PRODUCT_NAME = "$(TARGET_NAME)";
				SWIFT_EMIT_LOC_STRINGS = NO;
				SWIFT_VERSION = 5.0;
				TARGETED_DEVICE_FAMILY = "1,2";
				TEST_HOST = "$(BUILT_PRODUCTS_DIR)/BookShopApp.app/$(BUNDLE_EXECUTABLE_FOLDER_PATH)/BookShopApp";
			};
			name = Release;
		};
		636EB5852FC35EDE00304344 /* Debug */ = {
			isa = XCBuildConfiguration;
			buildSettings = {
				CODE_SIGN_STYLE = Automatic;
				CURRENT_PROJECT_VERSION = 1;
				GENERATE_INFOPLIST_FILE = YES;
				MARKETING_VERSION = 1.0;
				PRODUCT_BUNDLE_IDENTIFIER = dd.BookShopAppUITests;
				PRODUCT_NAME = "$(TARGET_NAME)";
				SWIFT_EMIT_LOC_STRINGS = NO;
				SWIFT_VERSION = 5.0;
				TARGETED_DEVICE_FAMILY = "1,2";
				TEST_TARGET_NAME = BookShopApp;
			};
			name = Debug;
		};
		636EB5862FC35EDE00304344 /* Release */ = {
			isa = XCBuildConfiguration;
			buildSettings = {
				CODE_SIGN_STYLE = Automatic;
				CURRENT_PROJECT_VERSION = 1;
				GENERATE_INFOPLIST_FILE = YES;
				MARKETING_VERSION = 1.0;
				PRODUCT_BUNDLE_IDENTIFIER = dd.BookShopAppUITests;
				PRODUCT_NAME = "$(TARGET_NAME)";
				SWIFT_EMIT_LOC_STRINGS = NO;
				SWIFT_VERSION = 5.0;
				TARGETED_DEVICE_FAMILY = "1,2";
				TEST_TARGET_NAME = BookShopApp;
			};
			name = Release;
		};
		A860D4EE2FBDBD59006E79B3 /* Debug */ = {
			isa = XCBuildConfiguration;
			buildSettings = {
				ALWAYS_SEARCH_USER_PATHS = NO;
				ASSETCATALOG_COMPILER_GENERATE_SWIFT_ASSET_SYMBOL_EXTENSIONS = YES;
				CLANG_ANALYZER_NONNULL = YES;
				CLANG_ANALYZER_NUMBER_OBJECT_CONVERSION = YES_AGGRESSIVE;
				CLANG_CXX_LANGUAGE_STANDARD = "gnu++20";
				CLANG_ENABLE_MODULES = YES;
				CLANG_ENABLE_OBJC_ARC = YES;
				CLANG_ENABLE_OBJC_WEAK = YES;
				CLANG_WARN_BLOCK_CAPTURE_AUTORELEASING = YES;
				CLANG_WARN_BOOL_CONVERSION = YES;
				CLANG_WARN_COMMA = YES;
				CLANG_WARN_CONSTANT_CONVERSION = YES;
				CLANG_WARN_DEPRECATED_OBJC_IMPLEMENTATIONS = YES;
				CLANG_WARN_DIRECT_OBJC_ISA_USAGE = YES_ERROR;
				CLANG_WARN_DOCUMENTATION_COMMENTS = YES;
				CLANG_WARN_EMPTY_BODY = YES;
				CLANG_WARN_ENUM_CONVERSION = YES;
				CLANG_WARN_INFINITE_RECURSION = YES;
				CLANG_WARN_INT_CONVERSION = YES;
				CLANG_WARN_NON_LITERAL_NULL_CONVERSION = YES;
				CLANG_WARN_OBJC_IMPLICIT_RETAIN_SELF = YES;
				CLANG_WARN_OBJC_LITERAL_CONVERSION = YES;
				CLANG_WARN_OBJC_ROOT_CLASS = YES_ERROR;
				CLANG_WARN_QUOTED_INCLUDE_IN_FRAMEWORK_HEADER = YES;
				CLANG_WARN_RANGE_LOOP_ANALYSIS = YES;
				CLANG_WARN_STRICT_PROTOTYPES = YES;
				CLANG_WARN_SUSPICIOUS_MOVE = YES;
				CLANG_WARN_UNGUARDED_AVAILABILITY = YES_AGGRESSIVE;
				CLANG_WARN_UNREACHABLE_CODE = YES;
				CLANG_WARN__DUPLICATE_METHOD_MATCH = YES;
				COPY_PHASE_STRIP = NO;
				DEBUG_INFORMATION_FORMAT = dwarf;
				ENABLE_STRICT_OBJC_MSGSEND = YES;
				ENABLE_TESTABILITY = YES;
				ENABLE_USER_SCRIPT_SANDBOXING = YES;
				GCC_C_LANGUAGE_STANDARD = gnu17;
				GCC_DYNAMIC_NO_PIC = NO;
				GCC_NO_COMMON_BLOCKS = YES;
				GCC_OPTIMIZATION_LEVEL = 0;
				GCC_PREPROCESSOR_DEFINITIONS = (
					"DEBUG=1",
					"$(inherited)",
				);
				GCC_WARN_64_TO_32_BIT_CONVERSION = YES;
				GCC_WARN_ABOUT_RETURN_TYPE = YES_ERROR;
				GCC_WARN_UNDECLARED_SELECTOR = YES;
				GCC_WARN_UNINITIALIZED_AUTOS = YES_AGGRESSIVE;
				GCC_WARN_UNUSED_FUNCTION = YES;
				GCC_WARN_UNUSED_VARIABLE = YES;
				IPHONEOS_DEPLOYMENT_TARGET = 17.5;
				LOCALIZATION_PREFERS_STRING_CATALOGS = YES;
				MTL_ENABLE_DEBUG_INFO = INCLUDE_SOURCE;
				MTL_FAST_MATH = YES;
				ONLY_ACTIVE_ARCH = YES;
				SDKROOT = iphoneos;
				SWIFT_ACTIVE_COMPILATION_CONDITIONS = "DEBUG $(inherited)";
				SWIFT_OPTIMIZATION_LEVEL = "-Onone";
			};
			name = Debug;
		};
		A860D4EF2FBDBD59006E79B3 /* Release */ = {
			isa = XCBuildConfiguration;
			buildSettings = {
				ALWAYS_SEARCH_USER_PATHS = NO;
				ASSETCATALOG_COMPILER_GENERATE_SWIFT_ASSET_SYMBOL_EXTENSIONS = YES;
				CLANG_ANALYZER_NONNULL = YES;
				CLANG_ANALYZER_NUMBER_OBJECT_CONVERSION = YES_AGGRESSIVE;
				CLANG_CXX_LANGUAGE_STANDARD = "gnu++20";
				CLANG_ENABLE_MODULES = YES;
				CLANG_ENABLE_OBJC_ARC = YES;
				CLANG_ENABLE_OBJC_WEAK = YES;
				CLANG_WARN_BLOCK_CAPTURE_AUTORELEASING = YES;
				CLANG_WARN_BOOL_CONVERSION = YES;
				CLANG_WARN_COMMA = YES;
				CLANG_WARN_CONSTANT_CONVERSION = YES;
				CLANG_WARN_DEPRECATED_OBJC_IMPLEMENTATIONS = YES;
				CLANG_WARN_DIRECT_OBJC_ISA_USAGE = YES_ERROR;
				CLANG_WARN_DOCUMENTATION_COMMENTS = YES;
				CLANG_WARN_EMPTY_BODY = YES;
				CLANG_WARN_ENUM_CONVERSION = YES;
				CLANG_WARN_INFINITE_RECURSION = YES;
				CLANG_WARN_INT_CONVERSION = YES;
				CLANG_WARN_NON_LITERAL_NULL_CONVERSION = YES;
				CLANG_WARN_OBJC_IMPLICIT_RETAIN_SELF = YES;
				CLANG_WARN_OBJC_LITERAL_CONVERSION = YES;
				CLANG_WARN_OBJC_ROOT_CLASS = YES_ERROR;
				CLANG_WARN_QUOTED_INCLUDE_IN_FRAMEWORK_HEADER = YES;
				CLANG_WARN_RANGE_LOOP_ANALYSIS = YES;
				CLANG_WARN_STRICT_PROTOTYPES = YES;
				CLANG_WARN_SUSPICIOUS_MOVE = YES;
				CLANG_WARN_UNGUARDED_AVAILABILITY = YES_AGGRESSIVE;
				CLANG_WARN_UNREACHABLE_CODE = YES;
				CLANG_WARN__DUPLICATE_METHOD_MATCH = YES;
				COPY_PHASE_STRIP = NO;
				DEBUG_INFORMATION_FORMAT = "dwarf-with-dsym";
				ENABLE_NS_ASSERTIONS = NO;
				ENABLE_STRICT_OBJC_MSGSEND = YES;
				ENABLE_USER_SCRIPT_SANDBOXING = YES;
				GCC_C_LANGUAGE_STANDARD = gnu17;
				GCC_NO_COMMON_BLOCKS = YES;
				GCC_WARN_64_TO_32_BIT_CONVERSION = YES;
				GCC_WARN_ABOUT_RETURN_TYPE = YES_ERROR;
				GCC_WARN_UNDECLARED_SELECTOR = YES;
				GCC_WARN_UNINITIALIZED_AUTOS = YES_AGGRESSIVE;
				GCC_WARN_UNUSED_FUNCTION = YES;
				GCC_WARN_UNUSED_VARIABLE = YES;
				IPHONEOS_DEPLOYMENT_TARGET = 17.5;
				LOCALIZATION_PREFERS_STRING_CATALOGS = YES;
				MTL_ENABLE_DEBUG_INFO = NO;
				MTL_FAST_MATH = YES;
				SDKROOT = iphoneos;
				SWIFT_COMPILATION_MODE = wholemodule;
				VALIDATE_PRODUCT = YES;
			};
			name = Release;
		};
		A860D4F12FBDBD59006E79B3 /* Debug */ = {
			isa = XCBuildConfiguration;
			buildSettings = {
				ASSETCATALOG_COMPILER_APPICON_NAME = AppIcon;
				ASSETCATALOG_COMPILER_GLOBAL_ACCENT_COLOR_NAME = AccentColor;
				CODE_SIGN_STYLE = Automatic;
				CURRENT_PROJECT_VERSION = 1;
				DEVELOPMENT_ASSET_PATHS = "\"BookShopApp/Preview Content\"";
				DEVELOPMENT_TEAM = "";
				ENABLE_PREVIEWS = YES;
				GENERATE_INFOPLIST_FILE = YES;
				INFOPLIST_KEY_NSLocationWhenInUseUsageDescription = "We use your location to show the nearest pickup points";
				INFOPLIST_KEY_UIApplicationSceneManifest_Generation = YES;
				INFOPLIST_KEY_UIApplicationSupportsIndirectInputEvents = YES;
				INFOPLIST_KEY_UILaunchScreen_Generation = YES;
				INFOPLIST_KEY_UISupportedInterfaceOrientations_iPad = "UIInterfaceOrientationPortrait UIInterfaceOrientationPortraitUpsideDown UIInterfaceOrientationLandscapeLeft UIInterfaceOrientationLandscapeRight";
				INFOPLIST_KEY_UISupportedInterfaceOrientations_iPhone = "UIInterfaceOrientationPortrait UIInterfaceOrientationLandscapeLeft UIInterfaceOrientationLandscapeRight";
				LD_RUNPATH_SEARCH_PATHS = (
					"$(inherited)",
					"@executable_path/Frameworks",
				);
				MARKETING_VERSION = 1.0;
				PRODUCT_BUNDLE_IDENTIFIER = shulgamaria.BookShopApp;
				PRODUCT_NAME = "$(TARGET_NAME)";
				SWIFT_EMIT_LOC_STRINGS = YES;
				SWIFT_VERSION = 5.0;
				TARGETED_DEVICE_FAMILY = "1,2";
			};
			name = Debug;
		};
		A860D4F22FBDBD59006E79B3 /* Release */ = {
			isa = XCBuildConfiguration;
			buildSettings = {
				ASSETCATALOG_COMPILER_APPICON_NAME = AppIcon;
				ASSETCATALOG_COMPILER_GLOBAL_ACCENT_COLOR_NAME = AccentColor;
				CODE_SIGN_STYLE = Automatic;
				CURRENT_PROJECT_VERSION = 1;
				DEVELOPMENT_ASSET_PATHS = "\"BookShopApp/Preview Content\"";
				DEVELOPMENT_TEAM = "";
				ENABLE_PREVIEWS = YES;
				GENERATE_INFOPLIST_FILE = YES;
				INFOPLIST_KEY_NSLocationWhenInUseUsageDescription = "We use your location to show the nearest pickup points";
				INFOPLIST_KEY_UIApplicationSceneManifest_Generation = YES;
				INFOPLIST_KEY_UIApplicationSupportsIndirectInputEvents = YES;
				INFOPLIST_KEY_UILaunchScreen_Generation = YES;
				INFOPLIST_KEY_UISupportedInterfaceOrientations_iPad = "UIInterfaceOrientationPortrait UIInterfaceOrientationPortraitUpsideDown UIInterfaceOrientationLandscapeLeft UIInterfaceOrientationLandscapeRight";
				INFOPLIST_KEY_UISupportedInterfaceOrientations_iPhone = "UIInterfaceOrientationPortrait UIInterfaceOrientationLandscapeLeft UIInterfaceOrientationLandscapeRight";
				LD_RUNPATH_SEARCH_PATHS = (
					"$(inherited)",
					"@executable_path/Frameworks",
				);
				MARKETING_VERSION = 1.0;
				PRODUCT_BUNDLE_IDENTIFIER = shulgamaria.BookShopApp;
				PRODUCT_NAME = "$(TARGET_NAME)";
				SWIFT_EMIT_LOC_STRINGS = YES;
				SWIFT_VERSION = 5.0;
				TARGETED_DEVICE_FAMILY = "1,2";
			};
			name = Release;
		};
/* End XCBuildConfiguration section */

/* Begin XCConfigurationList section */
		636EB5752FC35E4600304344 /* Build configuration list for PBXNativeTarget "BookShopAppTests" */ = {
			isa = XCConfigurationList;
			buildConfigurations = (
				636EB5732FC35E4600304344 /* Debug */,
				636EB5742FC35E4600304344 /* Release */,
			);
			defaultConfigurationIsVisible = 0;
			defaultConfigurationName = Release;
		};
		636EB5842FC35EDE00304344 /* Build configuration list for PBXNativeTarget "BookShopAppUITests" */ = {
			isa = XCConfigurationList;
			buildConfigurations = (
				636EB5852FC35EDE00304344 /* Debug */,
				636EB5862FC35EDE00304344 /* Release */,
			);
			defaultConfigurationIsVisible = 0;
			defaultConfigurationName = Release;
		};
		A860D4DD2FBDBD51006E79B3 /* Build configuration list for PBXProject "BookShopApp" */ = {
			isa = XCConfigurationList;
			buildConfigurations = (
				A860D4EE2FBDBD59006E79B3 /* Debug */,
				A860D4EF2FBDBD59006E79B3 /* Release */,
			);
			defaultConfigurationIsVisible = 0;
			defaultConfigurationName = Release;
		};
		A860D4F02FBDBD59006E79B3 /* Build configuration list for PBXNativeTarget "BookShopApp" */ = {
			isa = XCConfigurationList;
			buildConfigurations = (
				A860D4F12FBDBD59006E79B3 /* Debug */,
				A860D4F22FBDBD59006E79B3 /* Release */,
			);
			defaultConfigurationIsVisible = 0;
			defaultConfigurationName = Release;
		};
/* End XCConfigurationList section */
	};
	rootObject = A860D4DA2FBDBD51006E79B3 /* Project object */;
}
